// !$*UTF8*$!
{
	archiveVersion = 1;
	classes = {
	};
	objectVersion = 77;
	objects = {

/* Begin PBXCopyFilesBuildPhase section */
		604F8CFD2F21B7BD00A8635D /* CopyFiles */ = {
			isa = PBXCopyFilesBuildPhase;
			buildActionMask = 2147483647;
			dstPath = /usr/share/man/man1/;
			dstSubfolderSpec = 0;
			files = (
			);
			runOnlyForDeploymentPostprocessing = 1;
		};
/* End PBXCopyFilesBuildPhase section */

/* Begin PBXFileReference section */
		601FC3B32F2AF4AB00B1D303 /* Q1.c */ = {isa = PBXFileReference; lastKnownFileType = sourcecode.c.c; path = Q1.c; sourceTree = "<group>"; };
		601FC3F52F2DEB8C00B1D303 /* Q2.c */ = {isa = PBXFileReference; lastKnownFileType = sourcecode.c.c; path = Q2.c; sourceTree = "<group>"; };
		601FC3F72F2DEEDF00B1D303 /* Q3.c */ = {isa = PBXFileReference; lastKnownFileType = sourcecode.c.c; path = Q3.c; sourceTree = "<group>"; };
		609EEE272F46976200CFBE38 /* LAB */ = {isa = PBXFileReference; explicitFileType = "compiled.mach-o.executable"; includeInIndex = 0; path = LAB; sourceTree = BUILT_PRODUCTS_DIR; };
/* End PBXFileReference section */

/* Begin PBXFileSystemSynchronizedBuildFileExceptionSet section */
		601FC3B92F2AF8B400B1D303 /* Exceptions for "LAB - 01" folder in "LAB" target */ = {
			isa = PBXFileSystemSynchronizedBuildFileExceptionSet;
			membershipExceptions = (
				Q1.c,
				Q2.c,
			);
			target = 604F8CFE2F21B7BD00A8635D /* LAB */;
		};
		604B01342F653D3C00B418F8 /* Exceptions for "LAB - 06" folder in "LAB" target */ = {
			isa = PBXFileSystemSynchronizedBuildFileExceptionSet;
			membershipExceptions = (
				rDigitPos.c,
				rNumDigits.c,
			);
			target = 604F8CFE2F21B7BD00A8635D /* LAB */;
		};
		609EEDE52F442E2F00CFBE38 /* Exceptions for "LAB - 03" folder in "LAB" target */ = {
			isa = PBXFileSystemSynchronizedBuildFileExceptionSet;
			membershipExceptions = (
				Q1.c,
				Q2.c,
			);
			target = 604F8CFE2F21B7BD00A8635D /* LAB */;
		};
		609EEDF32F459F6700CFBE38 /* Exceptions for "LAB - 04" folder in "LAB" target */ = {
			isa = PBXFileSystemSynchronizedBuildFileExceptionSet;
			membershipExceptions = (
				Q1.c,
				Q2.c,
			);
			target = 604F8CFE2F21B7BD00A8635D /* LAB */;
		};
/* End PBXFileSystemSynchronizedBuildFileExceptionSet section */

/* Begin PBXFileSystemSynchronizedRootGroup section */
		604B01312F6515DA00B418F8 /* LAB - 06 */ = {
			isa = PBXFileSystemSynchronizedRootGroup;
			exceptions = (
				604B01342F653D3C00B418F8 /* Exceptions for "LAB - 06" folder in "LAB" target */,
			);
			path = "LAB - 06";
			sourceTree = "<group>";
		};
		604F8D012F21B7BD00A8635D /* LAB - 01 */ = {
			isa = PBXFileSystemSynchronizedRootGroup;
			exceptions = (
				601FC3B92F2AF8B400B1D303 /* Exceptions for "LAB - 01" folder in "LAB" target */,
			);
			path = "LAB - 01";
			sourceTree = "<group>";
		};
		609EEDE22F44277900CFBE38 /* LAB - 03 */ = {
			isa = PBXFileSystemSynchronizedRootGroup;
			exceptions = (
				609EEDE52F442E2F00CFBE38 /* Exceptions for "LAB - 03" folder in "LAB" target */,
			);
			path = "LAB - 03";
			sourceTree = "<group>";
		};
		609EEDEA2F44337300CFBE38 /* LAB - 04 */ = {
			isa = PBXFileSystemSynchronizedRootGroup;
			exceptions = (
				609EEDF32F459F6700CFBE38 /* Exceptions for "LAB - 04" folder in "LAB" target */,
			);
			path = "LAB - 04";
			sourceTree = "<group>";
		};
		609EEE342F46979200CFBE38 /* LAB - 05 */ = {
			isa = PBXFileSystemSynchronizedRootGroup;
			path = "LAB - 05";
			sourceTree = "<group>";
		};
/* End PBXFileSystemSynchronizedRootGroup section */

/* Begin PBXFrameworksBuildPhase section */
		604F8CFC2F21B7BD00A8635D /* Frameworks */ = {
			isa = PBXFrameworksBuildPhase;
			buildActionMask = 2147483647;
			files = (
			);
			runOnlyForDeploymentPostprocessing = 0;
		};
/* End PBXFrameworksBuildPhase section */

/* Begin PBXGroup section */
		601FC3B22F2AF49200B1D303 /* LAB - 02 */ = {
			isa = PBXGroup;
			children = (
				601FC3B32F2AF4AB00B1D303 /* Q1.c */,
				601FC3F52F2DEB8C00B1D303 /* Q2.c */,
				601FC3F72F2DEEDF00B1D303 /* Q3.c */,
			);
			path = "LAB - 02";
			sourceTree = "<group>";
		};
		604F8CF62F21B7BD00A8635D = {
			isa = PBXGroup;
			children = (
				609EEE272F46976200CFBE38 /* LAB */,
				604F8D012F21B7BD00A8635D /* LAB - 01 */,
				601FC3B22F2AF49200B1D303 /* LAB - 02 */,
				609EEDE22F44277900CFBE38 /* LAB - 03 */,
				609EEDEA2F44337300CFBE38 /* LAB - 04 */,
				609EEE342F46979200CFBE38 /* LAB - 05 */,
				604B01312F6515DA00B418F8 /* LAB - 06 */,
			);
			sourceTree = "<group>";
		};
/* End PBXGroup section */

/* Begin PBXNativeTarget section */
		604F8CFE2F21B7BD00A8635D /* LAB */ = {
			isa = PBXNativeTarget;
			buildConfigurationList = 604F8D062F21B7BD00A8635D /* Build configuration list for PBXNativeTarget "LAB" */;
			buildPhases = (
				604F8CFB2F21B7BD00A8635D /* Sources */,
				604F8CFC2F21B7BD00A8635D /* Frameworks */,
				604F8CFD2F21B7BD00A8635D /* CopyFiles */,
			);
			buildRules = (
			);
			dependencies = (
			);
			fileSystemSynchronizedGroups = (
				604B01312F6515DA00B418F8 /* LAB - 06 */,
				604F8D012F21B7BD00A8635D /* LAB - 01 */,
				609EEDE22F44277900CFBE38 /* LAB - 03 */,
				609EEDEA2F44337300CFBE38 /* LAB - 04 */,
			);
			name = LAB;
			packageProductDependencies = (
			);
			productName = LAB;
			productReference = 609EEE272F46976200CFBE38 /* LAB */;
			productType = "com.apple.product-type.tool";
		};
/* End PBXNativeTarget section */

/* Begin PBXProject section */
		604F8CF72F21B7BD00A8635D /* Project object */ = {
			isa = PBXProject;
			attributes = {
				BuildIndependentTargetsInParallel = 1;
				LastUpgradeCheck = 2620;
				TargetAttributes = {
					604F8CFE2F21B7BD00A8635D = {
						CreatedOnToolsVersion = 26.2;
					};
				};
			};
			buildConfigurationList = 604F8CFA2F21B7BD00A8635D /* Build configuration list for PBXProject "LAB" */;
			developmentRegion = en;
			hasScannedForEncodings = 0;
			knownRegions = (
				en,
				Base,
			);
			mainGroup = 604F8CF62F21B7BD00A8635D;
			minimizedProjectReferenceProxies = 1;
			preferredProjectObjectVersion = 77;
			productRefGroup = 604F8CF62F21B7BD00A8635D;
			projectDirPath = "";
			projectRoot = "";
			targets = (
				604F8CFE2F21B7BD00A8635D /* LAB */,
			);
		};
/* End PBXProject section */

/* Begin PBXSourcesBuildPhase section */
		604F8CFB2F21B7BD00A8635D /* Sources */ = {
			isa = PBXSourcesBuildPhase;
			buildActionMask = 2147483647;
			files = (
			);
			runOnlyForDeploymentPostprocessing = 0;
		};
/* End PBXSourcesBuildPhase section */

/* Begin XCBuildConfiguration section */
		604F8D042F21B7BD00A8635D /* Debug */ = {
			isa = XCBuildConfiguration;
			buildSettings = {
				ALWAYS_SEARCH_USER_PATHS = NO;
				ASSETCATALOG_COMPILER_GENERATE_SWIFT_ASSET_SYMBOL_EXTENSIONS = YES;
				CLANG_ANALYZER_NONNULL = YES;
				CLANG_ANALYZER_NUMBER_OBJECT_CONVERSION = YES_AGGRESSIVE;
				CLANG_CXX_LANGUAGE_STANDARD = "gnu++20";
				CLANG_ENABLE_MODULES = YES;
				CLANG_ENABLE_OBJC_ARC = YES;
				CLANG_ENABLE_OBJC_WEAK = YES;
				CLANG_WARN_BLOCK_CAPTURE_AUTORELEASING = YES;
				CLANG_WARN_BOOL_CONVERSION = YES;
				CLANG_WARN_COMMA = YES;
				CLANG_WARN_CONSTANT_CONVERSION = YES;
				CLANG_WARN_DEPRECATED_OBJC_IMPLEMENTATIONS = YES;
				CLANG_WARN_DIRECT_OBJC_ISA_USAGE = YES_ERROR;
				CLANG_WARN_DOCUMENTATION_COMMENTS = YES;
				CLANG_WARN_EMPTY_BODY = YES;
				CLANG_WARN_ENUM_CONVERSION = YES;
				CLANG_WARN_INFINITE_RECURSION = YES;
				CLANG_WARN_INT_CONVERSION = YES;
				CLANG_WARN_NON_LITERAL_NULL_CONVERSION = YES;
				CLANG_WARN_OBJC_IMPLICIT_RETAIN_SELF = YES;
				CLANG_WARN_OBJC_LITERAL_CONVERSION = YES;
				CLANG_WARN_OBJC_ROOT_CLASS = YES_ERROR;
				CLANG_WARN_QUOTED_INCLUDE_IN_FRAMEWORK_HEADER = YES;
				CLANG_WARN_RANGE_LOOP_ANALYSIS = YES;
				CLANG_WARN_STRICT_PROTOTYPES = YES;
				CLANG_WARN_SUSPICIOUS_MOVE = YES;
				CLANG_WARN_UNGUARDED_AVAILABILITY = YES_AGGRESSIVE;
				CLANG_WARN_UNREACHABLE_CODE = YES;
				CLANG_WARN__DUPLICATE_METHOD_MATCH = YES;
				COPY_PHASE_STRIP = NO;
				DEBUG_INFORMATION_FORMAT = dwarf;
				ENABLE_STRICT_OBJC_MSGSEND = YES;
				ENABLE_TESTABILITY = YES;
				ENABLE_USER_SCRIPT_SANDBOXING = YES;
				GCC_C_LANGUAGE_STANDARD = gnu17;
				GCC_DYNAMIC_NO_PIC = NO;
				GCC_NO_COMMON_BLOCKS = YES;
				GCC_OPTIMIZATION_LEVEL = 0;
				GCC_PREPROCESSOR_DEFINITIONS = (
					"DEBUG=1",
					"$(inherited)",
				);
				GCC_WARN_64_TO_32_BIT_CONVERSION = YES;
				GCC_WARN_ABOUT_RETURN_TYPE = YES_ERROR;
				GCC_WARN_UNDECLARED_SELECTOR = YES;
				GCC_WARN_UNINITIALIZED_AUTOS = YES_AGGRESSIVE;
				GCC_WARN_UNUSED_FUNCTION = YES;
				GCC_WARN_UNUSED_VARIABLE = YES;
				LOCALIZATION_PREFERS_STRING_CATALOGS = YES;
				MACOSX_DEPLOYMENT_TARGET = 15.7;
				MTL_ENABLE_DEBUG_INFO = INCLUDE_SOURCE;
				MTL_FAST_MATH = YES;
				ONLY_ACTIVE_ARCH = YES;
				SDKROOT = macosx;
			};
			name = Debug;
		};
		604F8D052F21B7BD00A8635D /* Release */ = {
			isa = XCBuildConfiguration;
			buildSettings = {
				ALWAYS_SEARCH_USER_PATHS = NO;
				ASSETCATALOG_COMPILER_GENERATE_SWIFT_ASSET_SYMBOL_EXTENSIONS = YES;
				CLANG_ANALYZER_NONNULL = YES;
				CLANG_ANALYZER_NUMBER_OBJECT_CONVERSION = YES_AGGRESSIVE;
				CLANG_CXX_LANGUAGE_STANDARD = "gnu++20";
				CLANG_ENABLE_MODULES = YES;
				CLANG_ENABLE_OBJC_ARC = YES;
				CLANG_ENABLE_OBJC_WEAK = YES;
				CLANG_WARN_BLOCK_CAPTURE_AUTORELEASING = YES;
				CLANG_WARN_BOOL_CONVERSION = YES;
				CLANG_WARN_COMMA = YES;
				CLANG_WARN_CONSTANT_CONVERSION = YES;
				CLANG_WARN_DEPRECATED_OBJC_IMPLEMENTATIONS = YES;
				CLANG_WARN_DIRECT_OBJC_ISA_USAGE = YES_ERROR;
				CLANG_WARN_DOCUMENTATION_COMMENTS = YES;
				CLANG_WARN_EMPTY_BODY = YES;
				CLANG_WARN_ENUM_CONVERSION = YES;
				CLANG_WARN_INFINITE_RECURSION = YES;
				CLANG_WARN_INT_CONVERSION = YES;
				CLANG_WARN_NON_LITERAL_NULL_CONVERSION = YES;
				CLANG_WARN_OBJC_IMPLICIT_RETAIN_SELF = YES;
				CLANG_WARN_OBJC_LITERAL_CONVERSION = YES;
				CLANG_WARN_OBJC_ROOT_CLASS = YES_ERROR;
				CLANG_WARN_QUOTED_INCLUDE_IN_FRAMEWORK_HEADER = YES;
				CLANG_WARN_RANGE_LOOP_ANALYSIS = YES;
				CLANG_WARN_STRICT_PROTOTYPES = YES;
				CLANG_WARN_SUSPICIOUS_MOVE = YES;
				CLANG_WARN_UNGUARDED_AVAILABILITY = YES_AGGRESSIVE;
				CLANG_WARN_UNREACHABLE_CODE = YES;
				CLANG_WARN__DUPLICATE_METHOD_MATCH = YES;
				COPY_PHASE_STRIP = NO;
				DEBUG_INFORMATION_FORMAT = "dwarf-with-dsym";
				ENABLE_NS_ASSERTIONS = NO;
				ENABLE_STRICT_OBJC_MSGSEND = YES;
				ENABLE_USER_SCRIPT_SANDBOXING = YES;
				GCC_C_LANGUAGE_STANDARD = gnu17;
				GCC_NO_COMMON_BLOCKS = YES;
				GCC_WARN_64_TO_32_BIT_CONVERSION = YES;
				GCC_WARN_ABOUT_RETURN_TYPE = YES_ERROR;
				GCC_WARN_UNDECLARED_SELECTOR = YES;
				GCC_WARN_UNINITIALIZED_AUTOS = YES_AGGRESSIVE;
				GCC_WARN_UNUSED_FUNCTION = YES;
				GCC_WARN_UNUSED_VARIABLE = YES;
				LOCALIZATION_PREFERS_STRING_CATALOGS = YES;
				MACOSX_DEPLOYMENT_TARGET = 15.7;
				MTL_ENABLE_DEBUG_INFO = NO;
				MTL_FAST_MATH = YES;
				SDKROOT = macosx;
			};
			name = Release;
		};
		604F8D072F21B7BD00A8635D /* Debug */ = {
			isa = XCBuildConfiguration;
			buildSettings = {
				CODE_SIGN_STYLE = Automatic;
				PRODUCT_NAME = "$(TARGET_NAME)";
			};
			name = Debug;
		};
		604F8D082F21B7BD00A8635D /* Release */ = {
			isa = XCBuildConfiguration;
			buildSettings = {
				CODE_SIGN_STYLE = Automatic;
				PRODUCT_NAME = "$(TARGET_NAME)";
			};
			name = Release;
		};
/* End XCBuildConfiguration section */

/* Begin XCConfigurationList section */
		604F8CFA2F21B7BD00A8635D /* Build configuration list for PBXProject "LAB" */ = {
			isa = XCConfigurationList;
			buildConfigurations = (
				604F8D042F21B7BD00A8635D /* Debug */,
				604F8D052F21B7BD00A8635D /* Release */,
			);
			defaultConfigurationIsVisible = 0;
			defaultConfigurationName = Release;
		};
		604F8D062F21B7BD00A8635D /* Build configuration list for PBXNativeTarget "LAB" */ = {
			isa = XCConfigurationList;
			buildConfigurations = (
				604F8D072F21B7BD00A8635D /* Debug */,
				604F8D082F21B7BD00A8635D /* Release */,
			);
			defaultConfigurationIsVisible = 0;
			defaultConfigurationName = Release;
		};
/* End XCConfigurationList section */
	};
	rootObject = 604F8CF72F21B7BD00A8635D /* Project object */;
}
